{
  "name": "gallery",
  "version": "1.0.0",
  "lockfileVersion": 3,
  "requires": true,
  "packages": {
    "": {
      "name": "gallery",
      "version": "1.0.0",
      "license": "ISC",
      "dependencies": {
        "simplelightbox": "^2.14.1"
      }
    },
    "node_modules/simplelightbox": {
      "version": "2.14.1",
      "resolved": "https://registry.npmjs.org/simplelightbox/-/simplelightbox-2.14.1.tgz",
      "integrity": "sha512-AQZ4xmCZ3gE5AW8iGuFcK2bRmTVm6W7Bmk6T6wFiX4hLjZTOrJ/D1Q1QUH0X5T/MgB5sD2tb/Q3lP9zZJH/uJw==",
      "engines": {
        "node": ">=6.0.0"
      }
    }
  },
  "dependencies": {
    "simplelightbox": {
      "version": "2.14.1",
      "resolved": "https://registry.npmjs.org/simplelightbox/-/simplelightbox-2.14.1.tgz",
      "integrity": "sha512-AQZ4xmCZ3gE5AW8iGuFcK2bRmTVm6W7Bmk6T6wFiX4hLjZTOrJ/D1Q1QUH0X5T/MgB5sD2tb/Q3lP9zZJH/uJw=="
    }
  }
}
